
Microsoft Visual Studio Solution File, Format Version 12.00
# Visual Studio Version 17
VisualStudioVersion = 17.0.31903.59
MinimumVisualStudioVersion = 10.0.40219.1
Project("{9A19103F-16F7-4668-BE54-9A1E7A4F7556}") = "Inkzen.Api", "Inkzen.Api\Inkzen.Api.csproj", "{13FE3810-47CC-4C94-B346-E07E13EA26C7}"
EndProject
Project("{2150E333-8FDC-42A3-9474-1A3956D46DE8}") = "Solution Items", "Solution Items", "{D514FD9D-4518-466E-A0F3-C6D8092A8A22}"
	ProjectSection(SolutionItems) = preProject
		.editorconfig = .editorconfig
	EndProjectSection
EndProject
Project("{FAE04EC0-301F-11D3-BF4B-00C04F79EFBC}") = "Inkzen.Api.Tests", "Inkzen.Api.Tests\Inkzen.Api.Tests.csproj", "{256A1DEB-256B-4070-9F65-876318626F4F}"
EndProject
Global
	GlobalSection(SolutionConfigurationPlatforms) = preSolution
		Debug|Any CPU = Debug|Any CPU
		Release|Any CPU = Release|Any CPU
	EndGlobalSection
	GlobalSection(ProjectConfigurationPlatforms) = postSolution
		{13FE3810-47CC-4C94-B346-E07E13EA26C7}.Debug|Any CPU.ActiveCfg = Debug|Any CPU
		{13FE3810-47CC-4C94-B346-E07E13EA26C7}.Debug|Any CPU.Build.0 = Debug|Any CPU
		{13FE3810-47CC-4C94-B346-E07E13EA26C7}.Release|Any CPU.ActiveCfg = Release|Any CPU
		{13FE3810-47CC-4C94-B346-E07E13EA26C7}.Release|Any CPU.Build.0 = Release|Any CPU
		{256A1DEB-256B-4070-9F65-876318626F4F}.Debug|Any CPU.ActiveCfg = Debug|Any CPU
		{256A1DEB-256B-4070-9F65-876318626F4F}.Debug|Any CPU.Build.0 = Debug|Any CPU
		{256A1DEB-256B-4070-9F65-876318626F4F}.Release|Any CPU.ActiveCfg = Release|Any CPU
		{256A1DEB-256B-4070-9F65-876318626F4F}.Release|Any CPU.Build.0 = Release|Any CPU
	EndGlobalSection
	GlobalSection(SolutionProperties) = preSolution
		HideSolutionNode = FALSE
	EndGlobalSection
EndGlobal
